
Microsoft Visual Studio Solution File, Format Version 11.00
# Visual Studio 2010
Project("{FAE04EC0-301F-11D3-BF4B-00C04F79EFBC}") = "NewsFeed", "Assembly-CSharp-firstpass.csproj", "{C8AE0C7D-3E03-5271-7CA5-E320F11496F6}"
EndProject
Project("{FAE04EC0-301F-11D3-BF4B-00C04F79EFBC}") = "NewsFeed", "Assembly-CSharp.csproj", "{3A853E96-95EB-321B-0989-D8972AB04A25}"
EndProject
Project("{FAE04EC0-301F-11D3-BF4B-00C04F79EFBC}") = "NewsFeed", "Assembly-CSharp-Editor.csproj", "{49637D7D-EBBA-60C4-D716-9F2ABC239566}"
EndProject
Global
	GlobalSection(SolutionConfigurationPlatforms) = preSolution
		Debug|Any CPU = Debug|Any CPU
		Release|Any CPU = Release|Any CPU
	EndGlobalSection
	GlobalSection(ProjectConfigurationPlatforms) = postSolution
		{C8AE0C7D-3E03-5271-7CA5-E320F11496F6}.Debug|Any CPU.ActiveCfg = Debug|Any CPU
		{C8AE0C7D-3E03-5271-7CA5-E320F11496F6}.Debug|Any CPU.Build.0 = Debug|Any CPU
		{C8AE0C7D-3E03-5271-7CA5-E320F11496F6}.Release|Any CPU.ActiveCfg = Release|Any CPU
		{C8AE0C7D-3E03-5271-7CA5-E320F11496F6}.Release|Any CPU.Build.0 = Release|Any CPU
		{3A853E96-95EB-321B-0989-D8972AB04A25}.Debug|Any CPU.ActiveCfg = Debug|Any CPU
		{3A853E96-95EB-321B-0989-D8972AB04A25}.Debug|Any CPU.Build.0 = Debug|Any CPU
		{3A853E96-95EB-321B-0989-D8972AB04A25}.Release|Any CPU.ActiveCfg = Release|Any CPU
		{3A853E96-95EB-321B-0989-D8972AB04A25}.Release|Any CPU.Build.0 = Release|Any CPU
		{49637D7D-EBBA-60C4-D716-9F2ABC239566}.Debug|Any CPU.ActiveCfg = Debug|Any CPU
		{49637D7D-EBBA-60C4-D716-9F2ABC239566}.Debug|Any CPU.Build.0 = Debug|Any CPU
		{49637D7D-EBBA-60C4-D716-9F2ABC239566}.Release|Any CPU.ActiveCfg = Release|Any CPU
		{49637D7D-EBBA-60C4-D716-9F2ABC239566}.Release|Any CPU.Build.0 = Release|Any CPU
	EndGlobalSection
	GlobalSection(SolutionProperties) = preSolution
		HideSolutionNode = FALSE
	EndGlobalSection
	GlobalSection(MonoDevelopProperties) = preSolution
		StartupItem = Assembly-CSharp.csproj
	EndGlobalSection
EndGlobal
